
Microsoft Visual Studio Solution File, Format Version 12.00
# Visual Studio Version 16
VisualStudioVersion = 16.0.29728.190
MinimumVisualStudioVersion = 10.0.40219.1
Project("{FAE04EC0-301F-11D3-BF4B-00C04F79EFBC}") = "Demo1.Module", "Demo1.Module\Demo1.Module.csproj", "{97E95AAD-7138-474B-BED1-A006C94BAF76}"
EndProject
Project("{FAE04EC0-301F-11D3-BF4B-00C04F79EFBC}") = "Demo1.Module.Web", "Demo1.Module.Web\Demo1.Module.Web.csproj", "{C9F1A197-D1CA-403F-9302-DDAEB47C667B}"
EndProject
Project("{FAE04EC0-301F-11D3-BF4B-00C04F79EFBC}") = "Demo1.Web", "Demo1.Web\Demo1.Web.csproj", "{0B4A4E0D-AAC7-4271-B05E-4AC0FC8D10C8}"
EndProject
Project("{FAE04EC0-301F-11D3-BF4B-00C04F79EFBC}") = "Demo1.Module.Win", "Demo1.Module.Win\Demo1.Module.Win.csproj", "{8E16FB08-4047-445B-ADEA-EA456602DFB7}"
EndProject
Project("{FAE04EC0-301F-11D3-BF4B-00C04F79EFBC}") = "Demo1.Win", "Demo1.Win\Demo1.Win.csproj", "{38D0C6F2-264C-4160-ACDF-FC76AE3C5F86}"
EndProject
Global
	GlobalSection(SolutionConfigurationPlatforms) = preSolution
		Debug|Any CPU = Debug|Any CPU
		EasyTest|Any CPU = EasyTest|Any CPU
		Release|Any CPU = Release|Any CPU
	EndGlobalSection
	GlobalSection(ProjectConfigurationPlatforms) = postSolution
		{97E95AAD-7138-474B-BED1-A006C94BAF76}.Debug|Any CPU.ActiveCfg = Debug|Any CPU
		{97E95AAD-7138-474B-BED1-A006C94BAF76}.Debug|Any CPU.Build.0 = Debug|Any CPU
		{97E95AAD-7138-474B-BED1-A006C94BAF76}.EasyTest|Any CPU.ActiveCfg = EasyTest|Any CPU
		{97E95AAD-7138-474B-BED1-A006C94BAF76}.EasyTest|Any CPU.Build.0 = EasyTest|Any CPU
		{97E95AAD-7138-474B-BED1-A006C94BAF76}.Release|Any CPU.ActiveCfg = Release|Any CPU
		{97E95AAD-7138-474B-BED1-A006C94BAF76}.Release|Any CPU.Build.0 = Release|Any CPU
		{C9F1A197-D1CA-403F-9302-DDAEB47C667B}.Debug|Any CPU.ActiveCfg = Debug|Any CPU
		{C9F1A197-D1CA-403F-9302-DDAEB47C667B}.Debug|Any CPU.Build.0 = Debug|Any CPU
		{C9F1A197-D1CA-403F-9302-DDAEB47C667B}.EasyTest|Any CPU.ActiveCfg = EasyTest|Any CPU
		{C9F1A197-D1CA-403F-9302-DDAEB47C667B}.EasyTest|Any CPU.Build.0 = EasyTest|Any CPU
		{C9F1A197-D1CA-403F-9302-DDAEB47C667B}.Release|Any CPU.ActiveCfg = Release|Any CPU
		{C9F1A197-D1CA-403F-9302-DDAEB47C667B}.Release|Any CPU.Build.0 = Release|Any CPU
		{0B4A4E0D-AAC7-4271-B05E-4AC0FC8D10C8}.Debug|Any CPU.ActiveCfg = Debug|Any CPU
		{0B4A4E0D-AAC7-4271-B05E-4AC0FC8D10C8}.Debug|Any CPU.Build.0 = Debug|Any CPU
		{0B4A4E0D-AAC7-4271-B05E-4AC0FC8D10C8}.EasyTest|Any CPU.ActiveCfg = EasyTest|Any CPU
		{0B4A4E0D-AAC7-4271-B05E-4AC0FC8D10C8}.EasyTest|Any CPU.Build.0 = EasyTest|Any CPU
		{0B4A4E0D-AAC7-4271-B05E-4AC0FC8D10C8}.Release|Any CPU.ActiveCfg = Release|Any CPU
		{0B4A4E0D-AAC7-4271-B05E-4AC0FC8D10C8}.Release|Any CPU.Build.0 = Release|Any CPU
		{8E16FB08-4047-445B-ADEA-EA456602DFB7}.Debug|Any CPU.ActiveCfg = Debug|Any CPU
		{8E16FB08-4047-445B-ADEA-EA456602DFB7}.Debug|Any CPU.Build.0 = Debug|Any CPU
		{8E16FB08-4047-445B-ADEA-EA456602DFB7}.EasyTest|Any CPU.ActiveCfg = EasyTest|Any CPU
		{8E16FB08-4047-445B-ADEA-EA456602DFB7}.EasyTest|Any CPU.Build.0 = EasyTest|Any CPU
		{8E16FB08-4047-445B-ADEA-EA456602DFB7}.Release|Any CPU.ActiveCfg = Release|Any CPU
		{8E16FB08-4047-445B-ADEA-EA456602DFB7}.Release|Any CPU.Build.0 = Release|Any CPU
		{38D0C6F2-264C-4160-ACDF-FC76AE3C5F86}.Debug|Any CPU.ActiveCfg = Debug|Any CPU
		{38D0C6F2-264C-4160-ACDF-FC76AE3C5F86}.Debug|Any CPU.Build.0 = Debug|Any CPU
		{38D0C6F2-264C-4160-ACDF-FC76AE3C5F86}.EasyTest|Any CPU.ActiveCfg = EasyTest|Any CPU
		{38D0C6F2-264C-4160-ACDF-FC76AE3C5F86}.EasyTest|Any CPU.Build.0 = EasyTest|Any CPU
		{38D0C6F2-264C-4160-ACDF-FC76AE3C5F86}.Release|Any CPU.ActiveCfg = Release|Any CPU
		{38D0C6F2-264C-4160-ACDF-FC76AE3C5F86}.Release|Any CPU.Build.0 = Release|Any CPU
	EndGlobalSection
	GlobalSection(SolutionProperties) = preSolution
		HideSolutionNode = FALSE
	EndGlobalSection
	GlobalSection(ExtensibilityGlobals) = postSolution
		SolutionGuid = {24F25D6A-BBD8-4837-8745-E1EA1A65B5BB}
	EndGlobalSection
EndGlobal
